
Microsoft Visual Studio Solution File, Format Version 12.00
# Visual Studio Version 17
VisualStudioVersion = 17.2.32516.85
MinimumVisualStudioVersion = 10.0.40219.1
Project("{9A19103F-16F7-4668-BE54-9A1E7A4F7556}") = "MovieShopMVC", "MovieShopMVC\MovieShopMVC.csproj", "{7A565232-1D0A-44D6-AF4B-DF2ECD4AA26A}"
EndProject
Project("{FAE04EC0-301F-11D3-BF4B-00C04F79EFBC}") = "ApplicationCore", "ApplicationCore\ApplicationCore.csproj", "{B751650A-7CCA-4FC6-BB41-31065F25373C}"
EndProject
Project("{FAE04EC0-301F-11D3-BF4B-00C04F79EFBC}") = "Infrastructure", "Infrastructure\Infrastructure.csproj", "{B35DBCDC-B086-41BC-A177-862D14E88F1E}"
EndProject
Global
	GlobalSection(SolutionConfigurationPlatforms) = preSolution
		Debug|Any CPU = Debug|Any CPU
		Release|Any CPU = Release|Any CPU
	EndGlobalSection
	GlobalSection(ProjectConfigurationPlatforms) = postSolution
		{7A565232-1D0A-44D6-AF4B-DF2ECD4AA26A}.Debug|Any CPU.ActiveCfg = Debug|Any CPU
		{7A565232-1D0A-44D6-AF4B-DF2ECD4AA26A}.Debug|Any CPU.Build.0 = Debug|Any CPU
		{7A565232-1D0A-44D6-AF4B-DF2ECD4AA26A}.Release|Any CPU.ActiveCfg = Release|Any CPU
		{7A565232-1D0A-44D6-AF4B-DF2ECD4AA26A}.Release|Any CPU.Build.0 = Release|Any CPU
		{B751650A-7CCA-4FC6-BB41-31065F25373C}.Debug|Any CPU.ActiveCfg = Debug|Any CPU
		{B751650A-7CCA-4FC6-BB41-31065F25373C}.Debug|Any CPU.Build.0 = Debug|Any CPU
		{B751650A-7CCA-4FC6-BB41-31065F25373C}.Release|Any CPU.ActiveCfg = Release|Any CPU
		{B751650A-7CCA-4FC6-BB41-31065F25373C}.Release|Any CPU.Build.0 = Release|Any CPU
		{B35DBCDC-B086-41BC-A177-862D14E88F1E}.Debug|Any CPU.ActiveCfg = Debug|Any CPU
		{B35DBCDC-B086-41BC-A177-862D14E88F1E}.Debug|Any CPU.Build.0 = Debug|Any CPU
		{B35DBCDC-B086-41BC-A177-862D14E88F1E}.Release|Any CPU.ActiveCfg = Release|Any CPU
		{B35DBCDC-B086-41BC-A177-862D14E88F1E}.Release|Any CPU.Build.0 = Release|Any CPU
	EndGlobalSection
	GlobalSection(SolutionProperties) = preSolution
		HideSolutionNode = FALSE
	EndGlobalSection
	GlobalSection(ExtensibilityGlobals) = postSolution
		SolutionGuid = {DCC984B3-7144-4570-BBF7-8D1B76C1C765}
	EndGlobalSection
EndGlobal
